
Microsoft Visual Studio Solution File, Format Version 12.00
# Visual Studio Version 16
VisualStudioVersion = 16.0.29519.87
MinimumVisualStudioVersion = 10.0.40219.1
Project("{FAE04EC0-301F-11D3-BF4B-00C04F79EFBC}") = "FizzBuzz", "FizzBuzz\FizzBuzz.csproj", "{E6E3B0B7-F05A-4069-B699-6710EAA8E7E4}"
EndProject
Global
	GlobalSection(SolutionConfigurationPlatforms) = preSolution
		Debug|Any CPU = Debug|Any CPU
		Release|Any CPU = Release|Any CPU
	EndGlobalSection
	GlobalSection(ProjectConfigurationPlatforms) = postSolution
		{E6E3B0B7-F05A-4069-B699-6710EAA8E7E4}.Debug|Any CPU.ActiveCfg = Debug|Any CPU
		{E6E3B0B7-F05A-4069-B699-6710EAA8E7E4}.Debug|Any CPU.Build.0 = Debug|Any CPU
		{E6E3B0B7-F05A-4069-B699-6710EAA8E7E4}.Release|Any CPU.ActiveCfg = Release|Any CPU
		{E6E3B0B7-F05A-4069-B699-6710EAA8E7E4}.Release|Any CPU.Build.0 = Release|Any CPU
	EndGlobalSection
	GlobalSection(SolutionProperties) = preSolution
		HideSolutionNode = FALSE
	EndGlobalSection
	GlobalSection(ExtensibilityGlobals) = postSolution
		SolutionGuid = {796DE646-C4B2-4711-8343-28C8DC03161D}
	EndGlobalSection
EndGlobal
